// !$*UTF8*$!
{
	archiveVersion = 1;
	classes = {
	};
	objectVersion = 51;
	objects = {

/* Begin PBXBuildFile section */
		7506034D23FEBA2A00DD5993 /* Header.swift in Sources */ = {isa = PBXBuildFile; fileRef = 7506034C23FEBA2A00DD5993 /* Header.swift */; };
		7506034F23FEBA3700DD5993 /* Header.xib in Resources */ = {isa = PBXBuildFile; fileRef = 7506034E23FEBA3700DD5993 /* Header.xib */; };
		75074590240223ED00201EF0 /* CountryTableView.swift in Sources */ = {isa = PBXBuildFile; fileRef = 7507458F240223ED00201EF0 /* CountryTableView.swift */; };
		7509F86D23FE3FAC008F3CFC /* AppDelegate.swift in Sources */ = {isa = PBXBuildFile; fileRef = 7509F86C23FE3FAC008F3CFC /* AppDelegate.swift */; };
		7509F86F23FE3FAC008F3CFC /* SceneDelegate.swift in Sources */ = {isa = PBXBuildFile; fileRef = 7509F86E23FE3FAC008F3CFC /* SceneDelegate.swift */; };
		7509F87123FE3FAC008F3CFC /* ViewController.swift in Sources */ = {isa = PBXBuildFile; fileRef = 7509F87023FE3FAC008F3CFC /* ViewController.swift */; };
		7509F87423FE3FAC008F3CFC /* Main.storyboard in Resources */ = {isa = PBXBuildFile; fileRef = 7509F87223FE3FAC008F3CFC /* Main.storyboard */; };
		7509F87723FE3FAC008F3CFC /* AlamoFireBasic.xcdatamodeld in Sources */ = {isa = PBXBuildFile; fileRef = 7509F87523FE3FAC008F3CFC /* AlamoFireBasic.xcdatamodeld */; };
		7509F87923FE3FAD008F3CFC /* Assets.xcassets in Resources */ = {isa = PBXBuildFile; fileRef = 7509F87823FE3FAD008F3CFC /* Assets.xcassets */; };
		7509F87C23FE3FAD008F3CFC /* LaunchScreen.storyboard in Resources */ = {isa = PBXBuildFile; fileRef = 7509F87A23FE3FAD008F3CFC /* LaunchScreen.storyboard */; };
		75BC5E6523FE50C2008326D7 /* Service.swift in Sources */ = {isa = PBXBuildFile; fileRef = 75BC5E6423FE50C2008326D7 /* Service.swift */; };
		75BC5E6923FE53BE008326D7 /* CountryMode.swift in Sources */ = {isa = PBXBuildFile; fileRef = 75BC5E6823FE53BE008326D7 /* CountryMode.swift */; };
		75BC5E6D23FE5605008326D7 /* CountryTableViewCell.swift in Sources */ = {isa = PBXBuildFile; fileRef = 75BC5E6B23FE5605008326D7 /* CountryTableViewCell.swift */; };
		75BC5E6E23FE5605008326D7 /* CountryTableViewCell.xib in Resources */ = {isa = PBXBuildFile; fileRef = 75BC5E6C23FE5605008326D7 /* CountryTableViewCell.xib */; };
		D4B3A567C5951B9688C2AFBC /* Pods_AlamoFireBasic.framework in Frameworks */ = {isa = PBXBuildFile; fileRef = E9257885A2E0D81C2E69D935 /* Pods_AlamoFireBasic.framework */; };
/* End PBXBuildFile section */

/* Begin PBXFileReference section */
		7506034C23FEBA2A00DD5993 /* Header.swift */ = {isa = PBXFileReference; lastKnownFileType = sourcecode.swift; path = Header.swift; sourceTree = "<group>"; };
		7506034E23FEBA3700DD5993 /* Header.xib */ = {isa = PBXFileReference; lastKnownFileType = file.xib; path = Header.xib; sourceTree = "<group>"; };
		7507458F240223ED00201EF0 /* CountryTableView.swift */ = {isa = PBXFileReference; lastKnownFileType = sourcecode.swift; path = CountryTableView.swift; sourceTree = "<group>"; };
		7509F86923FE3FAC008F3CFC /* AlamoFireBasic.app */ = {isa = PBXFileReference; explicitFileType = wrapper.application; includeInIndex = 0; path = AlamoFireBasic.app; sourceTree = BUILT_PRODUCTS_DIR; };
		7509F86C23FE3FAC008F3CFC /* AppDelegate.swift */ = {isa = PBXFileReference; lastKnownFileType = sourcecode.swift; path = AppDelegate.swift; sourceTree = "<group>"; };
		7509F86E23FE3FAC008F3CFC /* SceneDelegate.swift */ = {isa = PBXFileReference; lastKnownFileType = sourcecode.swift; path = SceneDelegate.swift; sourceTree = "<group>"; };
		7509F87023FE3FAC008F3CFC /* ViewController.swift */ = {isa = PBXFileReference; lastKnownFileType = sourcecode.swift; path = ViewController.swift; sourceTree = "<group>"; };
		7509F87323FE3FAC008F3CFC /* Base */ = {isa = PBXFileReference; lastKnownFileType = file.storyboard; name = Base; path = Base.lproj/Main.storyboard; sourceTree = "<group>"; };
		7509F87623FE3FAC008F3CFC /* AlamoFireBasic.xcdatamodel */ = {isa = PBXFileReference; lastKnownFileType = wrapper.xcdatamodel; path = AlamoFireBasic.xcdatamodel; sourceTree = "<group>"; };
		7509F87823FE3FAD008F3CFC /* Assets.xcassets */ = {isa = PBXFileReference; lastKnownFileType = folder.assetcatalog; path = Assets.xcassets; sourceTree = "<group>"; };
		7509F87B23FE3FAD008F3CFC /* Base */ = {isa = PBXFileReference; lastKnownFileType = file.storyboard; name = Base; path = Base.lproj/LaunchScreen.storyboard; sourceTree = "<group>"; };
		7509F87D23FE3FAD008F3CFC /* Info.plist */ = {isa = PBXFileReference; lastKnownFileType = text.plist.xml; path = Info.plist; sourceTree = "<group>"; };
		75BC5E6423FE50C2008326D7 /* Service.swift */ = {isa = PBXFileReference; lastKnownFileType = sourcecode.swift; path = Service.swift; sourceTree = "<group>"; };
		75BC5E6823FE53BE008326D7 /* CountryMode.swift */ = {isa = PBXFileReference; lastKnownFileType = sourcecode.swift; path = CountryMode.swift; sourceTree = "<group>"; };
		75BC5E6B23FE5605008326D7 /* CountryTableViewCell.swift */ = {isa = PBXFileReference; lastKnownFileType = sourcecode.swift; path = CountryTableViewCell.swift; sourceTree = "<group>"; };
		75BC5E6C23FE5605008326D7 /* CountryTableViewCell.xib */ = {isa = PBXFileReference; lastKnownFileType = file.xib; path = CountryTableViewCell.xib; sourceTree = "<group>"; };
		8DE150867D3032F9139F7629 /* Pods-AlamoFireBasic.release.xcconfig */ = {isa = PBXFileReference; includeInIndex = 1; lastKnownFileType = text.xcconfig; name = "Pods-AlamoFireBasic.release.xcconfig"; path = "Target Support Files/Pods-AlamoFireBasic/Pods-AlamoFireBasic.release.xcconfig"; sourceTree = "<group>"; };
		C11FB706579FF96C5977297D /* Pods-AlamoFireBasic.debug.xcconfig */ = {isa = PBXFileReference; includeInIndex = 1; lastKnownFileType = text.xcconfig; name = "Pods-AlamoFireBasic.debug.xcconfig"; path = "Target Support Files/Pods-AlamoFireBasic/Pods-AlamoFireBasic.debug.xcconfig"; sourceTree = "<group>"; };
		E9257885A2E0D81C2E69D935 /* Pods_AlamoFireBasic.framework */ = {isa = PBXFileReference; explicitFileType = wrapper.framework; includeInIndex = 0; path = Pods_AlamoFireBasic.framework; sourceTree = BUILT_PRODUCTS_DIR; };
/* End PBXFileReference section */

/* Begin PBXFrameworksBuildPhase section */
		7509F86623FE3FAC008F3CFC /* Frameworks */ = {
			isa = PBXFrameworksBuildPhase;
			buildActionMask = 2147483647;
			files = (
				D4B3A567C5951B9688C2AFBC /* Pods_AlamoFireBasic.framework in Frameworks */,
			);
			runOnlyForDeploymentPostprocessing = 0;
		};
/* End PBXFrameworksBuildPhase section */

/* Begin PBXGroup section */
		7507458C240221F400201EF0 /* Views */ = {
			isa = PBXGroup;
			children = (
				7507458F240223ED00201EF0 /* CountryTableView.swift */,
			);
			path = Views;
			sourceTree = "<group>";
		};
		7509F86023FE3FAC008F3CFC = {
			isa = PBXGroup;
			children = (
				7509F86B23FE3FAC008F3CFC /* AlamoFireBasic */,
				7509F86A23FE3FAC008F3CFC /* Products */,
				C344C680BF90AEC20DBE1D7F /* Pods */,
				A9E6335E71F07BDC38FFC426 /* Frameworks */,
			);
			sourceTree = "<group>";
		};
		7509F86A23FE3FAC008F3CFC /* Products */ = {
			isa = PBXGroup;
			children = (
				7509F86923FE3FAC008F3CFC /* AlamoFireBasic.app */,
			);
			name = Products;
			sourceTree = "<group>";
		};
		7509F86B23FE3FAC008F3CFC /* AlamoFireBasic */ = {
			isa = PBXGroup;
			children = (
				7507458C240221F400201EF0 /* Views */,
				75BC5E6A23FE55D5008326D7 /* NibFiles */,
				7509F86C23FE3FAC008F3CFC /* AppDelegate.swift */,
				7509F86E23FE3FAC008F3CFC /* SceneDelegate.swift */,
				7509F87023FE3FAC008F3CFC /* ViewController.swift */,
				7509F87223FE3FAC008F3CFC /* Main.storyboard */,
				7509F87A23FE3FAD008F3CFC /* LaunchScreen.storyboard */,
				7509F87823FE3FAD008F3CFC /* Assets.xcassets */,
				7509F87D23FE3FAD008F3CFC /* Info.plist */,
				7509F87523FE3FAC008F3CFC /* AlamoFireBasic.xcdatamodeld */,
				75BC5E6423FE50C2008326D7 /* Service.swift */,
				75BC5E6823FE53BE008326D7 /* CountryMode.swift */,
			);
			path = AlamoFireBasic;
			sourceTree = "<group>";
		};
		75BC5E6A23FE55D5008326D7 /* NibFiles */ = {
			isa = PBXGroup;
			children = (
				75BC5E6B23FE5605008326D7 /* CountryTableViewCell.swift */,
				75BC5E6C23FE5605008326D7 /* CountryTableViewCell.xib */,
				7506034C23FEBA2A00DD5993 /* Header.swift */,
				7506034E23FEBA3700DD5993 /* Header.xib */,
			);
			path = NibFiles;
			sourceTree = "<group>";
		};
		A9E6335E71F07BDC38FFC426 /* Frameworks */ = {
			isa = PBXGroup;
			children = (
				E9257885A2E0D81C2E69D935 /* Pods_AlamoFireBasic.framework */,
			);
			name = Frameworks;
			sourceTree = "<group>";
		};
		C344C680BF90AEC20DBE1D7F /* Pods */ = {
			isa = PBXGroup;
			children = (
				C11FB706579FF96C5977297D /* Pods-AlamoFireBasic.debug.xcconfig */,
				8DE150867D3032F9139F7629 /* Pods-AlamoFireBasic.release.xcconfig */,
			);
			path = Pods;
			sourceTree = "<group>";
		};
/* End PBXGroup section */

/* Begin PBXNativeTarget section */
		7509F86823FE3FAC008F3CFC /* AlamoFireBasic */ = {
			isa = PBXNativeTarget;
			buildConfigurationList = 7509F88023FE3FAD008F3CFC /* Build configuration list for PBXNativeTarget "AlamoFireBasic" */;
			buildPhases = (
				3D5F04348ABBBF69952DB7D5 /* [CP] Check Pods Manifest.lock */,
				7509F86523FE3FAC008F3CFC /* Sources */,
				7509F86623FE3FAC008F3CFC /* Frameworks */,
				7509F86723FE3FAC008F3CFC /* Resources */,
				C016C42668C7DA4C6A33D5CF /* [CP] Embed Pods Frameworks */,
			);
			buildRules = (
			);
			dependencies = (
			);
			name = AlamoFireBasic;
			productName = AlamoFireBasic;
			productReference = 7509F86923FE3FAC008F3CFC /* AlamoFireBasic.app */;
			productType = "com.apple.product-type.application";
		};
/* End PBXNativeTarget section */

/* Begin PBXProject section */
		7509F86123FE3FAC008F3CFC /* Project object */ = {
			isa = PBXProject;
			attributes = {
				LastSwiftUpdateCheck = 1130;
				LastUpgradeCheck = 1130;
				ORGANIZATIONNAME = Twnibit_Raihan;
				TargetAttributes = {
					7509F86823FE3FAC008F3CFC = {
						CreatedOnToolsVersion = 11.3.1;
					};
				};
			};
			buildConfigurationList = 7509F86423FE3FAC008F3CFC /* Build configuration list for PBXProject "AlamoFireBasic" */;
			compatibilityVersion = "Xcode 9.3";
			developmentRegion = en;
			hasScannedForEncodings = 0;
			knownRegions = (
				en,
				Base,
			);
			mainGroup = 7509F86023FE3FAC008F3CFC;
			productRefGroup = 7509F86A23FE3FAC008F3CFC /* Products */;
			projectDirPath = "";
			projectRoot = "";
			targets = (
				7509F86823FE3FAC008F3CFC /* AlamoFireBasic */,
			);
		};
/* End PBXProject section */

/* Begin PBXResourcesBuildPhase section */
		7509F86723FE3FAC008F3CFC /* Resources */ = {
			isa = PBXResourcesBuildPhase;
			buildActionMask = 2147483647;
			files = (
				75BC5E6E23FE5605008326D7 /* CountryTableViewCell.xib in Resources */,
				7506034F23FEBA3700DD5993 /* Header.xib in Resources */,
				7509F87C23FE3FAD008F3CFC /* LaunchScreen.storyboard in Resources */,
				7509F87923FE3FAD008F3CFC /* Assets.xcassets in Resources */,
				7509F87423FE3FAC008F3CFC /* Main.storyboard in Resources */,
			);
			runOnlyForDeploymentPostprocessing = 0;
		};
/* End PBXResourcesBuildPhase section */

/* Begin PBXShellScriptBuildPhase section */
		3D5F04348ABBBF69952DB7D5 /* [CP] Check Pods Manifest.lock */ = {
			isa = PBXShellScriptBuildPhase;
			buildActionMask = 2147483647;
			files = (
			);
			inputFileListPaths = (
			);
			inputPaths = (
				"${PODS_PODFILE_DIR_PATH}/Podfile.lock",
				"${PODS_ROOT}/Manifest.lock",
			);
			name = "[CP] Check Pods Manifest.lock";
			outputFileListPaths = (
			);
			outputPaths = (
				"$(DERIVED_FILE_DIR)/Pods-AlamoFireBasic-checkManifestLockResult.txt",
			);
			runOnlyForDeploymentPostprocessing = 0;
			shellPath = /bin/sh;
			shellScript = "diff \"${PODS_PODFILE_DIR_PATH}/Podfile.lock\" \"${PODS_ROOT}/Manifest.lock\" > /dev/null\nif [ $? != 0 ] ; then\n    # print error to STDERR\n    echo \"error: The sandbox is not in sync with the Podfile.lock. Run 'pod install' or update your CocoaPods installation.\" >&2\n    exit 1\nfi\n# This output is used by Xcode 'outputs' to avoid re-running this script phase.\necho \"SUCCESS\" > \"${SCRIPT_OUTPUT_FILE_0}\"\n";
			showEnvVarsInLog = 0;
		};
		C016C42668C7DA4C6A33D5CF /* [CP] Embed Pods Frameworks */ = {
			isa = PBXShellScriptBuildPhase;
			buildActionMask = 2147483647;
			files = (
			);
			inputFileListPaths = (
				"${PODS_ROOT}/Target Support Files/Pods-AlamoFireBasic/Pods-AlamoFireBasic-frameworks-${CONFIGURATION}-input-files.xcfilelist",
			);
			name = "[CP] Embed Pods Frameworks";
			outputFileListPaths = (
				"${PODS_ROOT}/Target Support Files/Pods-AlamoFireBasic/Pods-AlamoFireBasic-frameworks-${CONFIGURATION}-output-files.xcfilelist",
			);
			runOnlyForDeploymentPostprocessing = 0;
			shellPath = /bin/sh;
			shellScript = "\"${PODS_ROOT}/Target Support Files/Pods-AlamoFireBasic/Pods-AlamoFireBasic-frameworks.sh\"\n";
			showEnvVarsInLog = 0;
		};
/* End PBXShellScriptBuildPhase section */

/* Begin PBXSourcesBuildPhase section */
		7509F86523FE3FAC008F3CFC /* Sources */ = {
			isa = PBXSourcesBuildPhase;
			buildActionMask = 2147483647;
			files = (
				7506034D23FEBA2A00DD5993 /* Header.swift in Sources */,
				7509F87123FE3FAC008F3CFC /* ViewController.swift in Sources */,
				75074590240223ED00201EF0 /* CountryTableView.swift in Sources */,
				7509F87723FE3FAC008F3CFC /* AlamoFireBasic.xcdatamodeld in Sources */,
				7509F86D23FE3FAC008F3CFC /* AppDelegate.swift in Sources */,
				75BC5E6923FE53BE008326D7 /* CountryMode.swift in Sources */,
				7509F86F23FE3FAC008F3CFC /* SceneDelegate.swift in Sources */,
				75BC5E6D23FE5605008326D7 /* CountryTableViewCell.swift in Sources */,
				75BC5E6523FE50C2008326D7 /* Service.swift in Sources */,
			);
			runOnlyForDeploymentPostprocessing = 0;
		};
/* End PBXSourcesBuildPhase section */

/* Begin PBXVariantGroup section */
		7509F87223FE3FAC008F3CFC /* Main.storyboard */ = {
			isa = PBXVariantGroup;
			children = (
				7509F87323FE3FAC008F3CFC /* Base */,
			);
			name = Main.storyboard;
			sourceTree = "<group>";
		};
		7509F87A23FE3FAD008F3CFC /* LaunchScreen.storyboard */ = {
			isa = PBXVariantGroup;
			children = (
				7509F87B23FE3FAD008F3CFC /* Base */,
			);
			name = LaunchScreen.storyboard;
			sourceTree = "<group>";
		};
/* End PBXVariantGroup section */

/* Begin XCBuildConfiguration section */
		7509F87E23FE3FAD008F3CFC /* Debug */ = {
			isa = XCBuildConfiguration;
			buildSettings = {
				ALWAYS_SEARCH_USER_PATHS = NO;
				CLANG_ANALYZER_NONNULL = YES;
				CLANG_ANALYZER_NUMBER_OBJECT_CONVERSION = YES_AGGRESSIVE;
				CLANG_CXX_LANGUAGE_STANDARD = "gnu++14";
				CLANG_CXX_LIBRARY = "libc++";
				CLANG_ENABLE_MODULES = YES;
				CLANG_ENABLE_OBJC_ARC = YES;
				CLANG_ENABLE_OBJC_WEAK = YES;
				CLANG_WARN_BLOCK_CAPTURE_AUTORELEASING = YES;
				CLANG_WARN_BOOL_CONVERSION = YES;
				CLANG_WARN_COMMA = YES;
				CLANG_WARN_CONSTANT_CONVERSION = YES;
				CLANG_WARN_DEPRECATED_OBJC_IMPLEMENTATIONS = YES;
				CLANG_WARN_DIRECT_OBJC_ISA_USAGE = YES_ERROR;
				CLANG_WARN_DOCUMENTATION_COMMENTS = YES;
				CLANG_WARN_EMPTY_BODY = YES;
				CLANG_WARN_ENUM_CONVERSION = YES;
				CLANG_WARN_INFINITE_RECURSION = YES;
				CLANG_WARN_INT_CONVERSION = YES;
				CLANG_WARN_NON_LITERAL_NULL_CONVERSION = YES;
				CLANG_WARN_OBJC_IMPLICIT_RETAIN_SELF = YES;
				CLANG_WARN_OBJC_LITERAL_CONVERSION = YES;
				CLANG_WARN_OBJC_ROOT_CLASS = YES_ERROR;
				CLANG_WARN_RANGE_LOOP_ANALYSIS = YES;
				CLANG_WARN_STRICT_PROTOTYPES = YES;
				CLANG_WARN_SUSPICIOUS_MOVE = YES;
				CLANG_WARN_UNGUARDED_AVAILABILITY = YES_AGGRESSIVE;
				CLANG_WARN_UNREACHABLE_CODE = YES;
				CLANG_WARN__DUPLICATE_METHOD_MATCH = YES;
				COPY_PHASE_STRIP = NO;
				DEBUG_INFORMATION_FORMAT = dwarf;
				ENABLE_STRICT_OBJC_MSGSEND = YES;
				ENABLE_TESTABILITY = YES;
				GCC_C_LANGUAGE_STANDARD = gnu11;
				GCC_DYNAMIC_NO_PIC = NO;
				GCC_NO_COMMON_BLOCKS = YES;
				GCC_OPTIMIZATION_LEVEL = 0;
				GCC_PREPROCESSOR_DEFINITIONS = (
					"DEBUG=1",
					"$(inherited)",
				);
				GCC_WARN_64_TO_32_BIT_CONVERSION = YES;
				GCC_WARN_ABOUT_RETURN_TYPE = YES_ERROR;
				GCC_WARN_UNDECLARED_SELECTOR = YES;
				GCC_WARN_UNINITIALIZED_AUTOS = YES_AGGRESSIVE;
				GCC_WARN_UNUSED_FUNCTION = YES;
				GCC_WARN_UNUSED_VARIABLE = YES;
				IPHONEOS_DEPLOYMENT_TARGET = 13.2;
				MTL_ENABLE_DEBUG_INFO = INCLUDE_SOURCE;
				MTL_FAST_MATH = YES;
				ONLY_ACTIVE_ARCH = YES;
				SDKROOT = iphoneos;
				SWIFT_ACTIVE_COMPILATION_CONDITIONS = DEBUG;
				SWIFT_OPTIMIZATION_LEVEL = "-Onone";
			};
			name = Debug;
		};
		7509F87F23FE3FAD008F3CFC /* Release */ = {
			isa = XCBuildConfiguration;
			buildSettings = {
				ALWAYS_SEARCH_USER_PATHS = NO;
				CLANG_ANALYZER_NONNULL = YES;
				CLANG_ANALYZER_NUMBER_OBJECT_CONVERSION = YES_AGGRESSIVE;
				CLANG_CXX_LANGUAGE_STANDARD = "gnu++14";
				CLANG_CXX_LIBRARY = "libc++";
				CLANG_ENABLE_MODULES = YES;
				CLANG_ENABLE_OBJC_ARC = YES;
				CLANG_ENABLE_OBJC_WEAK = YES;
				CLANG_WARN_BLOCK_CAPTURE_AUTORELEASING = YES;
				CLANG_WARN_BOOL_CONVERSION = YES;
				CLANG_WARN_COMMA = YES;
				CLANG_WARN_CONSTANT_CONVERSION = YES;
				CLANG_WARN_DEPRECATED_OBJC_IMPLEMENTATIONS = YES;
				CLANG_WARN_DIRECT_OBJC_ISA_USAGE = YES_ERROR;
				CLANG_WARN_DOCUMENTATION_COMMENTS = YES;
				CLANG_WARN_EMPTY_BODY = YES;
				CLANG_WARN_ENUM_CONVERSION = YES;
				CLANG_WARN_INFINITE_RECURSION = YES;
				CLANG_WARN_INT_CONVERSION = YES;
				CLANG_WARN_NON_LITERAL_NULL_CONVERSION = YES;
				CLANG_WARN_OBJC_IMPLICIT_RETAIN_SELF = YES;
				CLANG_WARN_OBJC_LITERAL_CONVERSION = YES;
				CLANG_WARN_OBJC_ROOT_CLASS = YES_ERROR;
				CLANG_WARN_RANGE_LOOP_ANALYSIS = YES;
				CLANG_WARN_STRICT_PROTOTYPES = YES;
				CLANG_WARN_SUSPICIOUS_MOVE = YES;
				CLANG_WARN_UNGUARDED_AVAILABILITY = YES_AGGRESSIVE;
				CLANG_WARN_UNREACHABLE_CODE = YES;
				CLANG_WARN__DUPLICATE_METHOD_MATCH = YES;
				COPY_PHASE_STRIP = NO;
				DEBUG_INFORMATION_FORMAT = "dwarf-with-dsym";
				ENABLE_NS_ASSERTIONS = NO;
				ENABLE_STRICT_OBJC_MSGSEND = YES;
				GCC_C_LANGUAGE_STANDARD = gnu11;
				GCC_NO_COMMON_BLOCKS = YES;
				GCC_WARN_64_TO_32_BIT_CONVERSION = YES;
				GCC_WARN_ABOUT_RETURN_TYPE = YES_ERROR;
				GCC_WARN_UNDECLARED_SELECTOR = YES;
				GCC_WARN_UNINITIALIZED_AUTOS = YES_AGGRESSIVE;
				GCC_WARN_UNUSED_FUNCTION = YES;
				GCC_WARN_UNUSED_VARIABLE = YES;
				IPHONEOS_DEPLOYMENT_TARGET = 13.2;
				MTL_ENABLE_DEBUG_INFO = NO;
				MTL_FAST_MATH = YES;
				SDKROOT = iphoneos;
				SWIFT_COMPILATION_MODE = wholemodule;
				SWIFT_OPTIMIZATION_LEVEL = "-O";
				VALIDATE_PRODUCT = YES;
			};
			name = Release;
		};
		7509F88123FE3FAD008F3CFC /* Debug */ = {
			isa = XCBuildConfiguration;
			baseConfigurationReference = C11FB706579FF96C5977297D /* Pods-AlamoFireBasic.debug.xcconfig */;
			buildSettings = {
				ASSETCATALOG_COMPILER_APPICON_NAME = AppIcon;
				CODE_SIGN_STYLE = Automatic;
				INFOPLIST_FILE = AlamoFireBasic/Info.plist;
				LD_RUNPATH_SEARCH_PATHS = (
					"$(inherited)",
					"@executable_path/Frameworks",
				);
				PRODUCT_BUNDLE_IDENTIFIER = Twinbit.AlamoFireBasic;
				PRODUCT_NAME = "$(TARGET_NAME)";
				SWIFT_VERSION = 5.0;
				TARGETED_DEVICE_FAMILY = "1,2";
			};
			name = Debug;
		};
		7509F88223FE3FAD008F3CFC /* Release */ = {
			isa = XCBuildConfiguration;
			baseConfigurationReference = 8DE150867D3032F9139F7629 /* Pods-AlamoFireBasic.release.xcconfig */;
			buildSettings = {
				ASSETCATALOG_COMPILER_APPICON_NAME = AppIcon;
				CODE_SIGN_STYLE = Automatic;
				INFOPLIST_FILE = AlamoFireBasic/Info.plist;
				LD_RUNPATH_SEARCH_PATHS = (
					"$(inherited)",
					"@executable_path/Frameworks",
				);
				PRODUCT_BUNDLE_IDENTIFIER = Twinbit.AlamoFireBasic;
				PRODUCT_NAME = "$(TARGET_NAME)";
				SWIFT_VERSION = 5.0;
				TARGETED_DEVICE_FAMILY = "1,2";
			};
			name = Release;
		};
/* End XCBuildConfiguration section */

/* Begin XCConfigurationList section */
		7509F86423FE3FAC008F3CFC /* Build configuration list for PBXProject "AlamoFireBasic" */ = {
			isa = XCConfigurationList;
			buildConfigurations = (
				7509F87E23FE3FAD008F3CFC /* Debug */,
				7509F87F23FE3FAD008F3CFC /* Release */,
			);
			defaultConfigurationIsVisible = 0;
			defaultConfigurationName = Release;
		};
		7509F88023FE3FAD008F3CFC /* Build configuration list for PBXNativeTarget "AlamoFireBasic" */ = {
			isa = XCConfigurationList;
			buildConfigurations = (
				7509F88123FE3FAD008F3CFC /* Debug */,
				7509F88223FE3FAD008F3CFC /* Release */,
			);
			defaultConfigurationIsVisible = 0;
			defaultConfigurationName = Release;
		};
/* End XCConfigurationList section */

/* Begin XCVersionGroup section */
		7509F87523FE3FAC008F3CFC /* AlamoFireBasic.xcdatamodeld */ = {
			isa = XCVersionGroup;
			children = (
				7509F87623FE3FAC008F3CFC /* AlamoFireBasic.xcdatamodel */,
			);
			currentVersion = 7509F87623FE3FAC008F3CFC /* AlamoFireBasic.xcdatamodel */;
			path = AlamoFireBasic.xcdatamodeld;
			sourceTree = "<group>";
			versionGroupType = wrapper.xcdatamodel;
		};
/* End XCVersionGroup section */
	};
	rootObject = 7509F86123FE3FAC008F3CFC /* Project object */;
}
